// !$*UTF8*$!
{
	archiveVersion = 1;
	classes = {
	};
	objectVersion = 51;
	objects = {

/* Begin PBXBuildFile section */
		3538AFE42D9AA469B2BC8E40 /* Pods_NeatoTestTests.framework in Frameworks */ = {isa = PBXBuildFile; fileRef = 5E6C42194D1E42BB12D0DD1A /* Pods_NeatoTestTests.framework */; };
		57299A7C24EBBC5100579783 /* AppDelegate.swift in Sources */ = {isa = PBXBuildFile; fileRef = 57299A7B24EBBC5100579783 /* AppDelegate.swift */; };
		57299A7E24EBBC5100579783 /* SceneDelegate.swift in Sources */ = {isa = PBXBuildFile; fileRef = 57299A7D24EBBC5100579783 /* SceneDelegate.swift */; };
		57299A8024EBBC5100579783 /* ViewController.swift in Sources */ = {isa = PBXBuildFile; fileRef = 57299A7F24EBBC5100579783 /* ViewController.swift */; };
		57299A8324EBBC5100579783 /* Main.storyboard in Resources */ = {isa = PBXBuildFile; fileRef = 57299A8124EBBC5100579783 /* Main.storyboard */; };
		57299A8624EBBC5100579783 /* NeatoTest.xcdatamodeld in Sources */ = {isa = PBXBuildFile; fileRef = 57299A8424EBBC5100579783 /* NeatoTest.xcdatamodeld */; };
		57299A8824EBBC5500579783 /* Assets.xcassets in Resources */ = {isa = PBXBuildFile; fileRef = 57299A8724EBBC5500579783 /* Assets.xcassets */; };
		57299A8B24EBBC5500579783 /* LaunchScreen.storyboard in Resources */ = {isa = PBXBuildFile; fileRef = 57299A8924EBBC5500579783 /* LaunchScreen.storyboard */; };
		57299A9624EBBC5500579783 /* NeatoTestTests.swift in Sources */ = {isa = PBXBuildFile; fileRef = 57299A9524EBBC5500579783 /* NeatoTestTests.swift */; };
		57299AA124EBBC5600579783 /* NeatoTestUITests.swift in Sources */ = {isa = PBXBuildFile; fileRef = 57299AA024EBBC5600579783 /* NeatoTestUITests.swift */; };
		57299AB324EBD5D000579783 /* Models.swift in Sources */ = {isa = PBXBuildFile; fileRef = 57299AB224EBD5D000579783 /* Models.swift */; };
		57299AB624EC33B700579783 /* Requests.swift in Sources */ = {isa = PBXBuildFile; fileRef = 57299AB524EC33B700579783 /* Requests.swift */; };
		57299AB924EC3F8B00579783 /* Constants.swift in Sources */ = {isa = PBXBuildFile; fileRef = 57299AB824EC3F8A00579783 /* Constants.swift */; };
		57299ABB24EC6C2000579783 /* CommonProtocols.swift in Sources */ = {isa = PBXBuildFile; fileRef = 57299ABA24EC6C2000579783 /* CommonProtocols.swift */; };
		57299ABD24EC6D7B00579783 /* Results.swift in Sources */ = {isa = PBXBuildFile; fileRef = 57299ABC24EC6D7B00579783 /* Results.swift */; };
		57299AC124EC720500579783 /* Appearance.swift in Sources */ = {isa = PBXBuildFile; fileRef = 57299AC024EC720500579783 /* Appearance.swift */; };
		57299AC324EC797E00579783 /* BaseVC.swift in Sources */ = {isa = PBXBuildFile; fileRef = 57299AC224EC797E00579783 /* BaseVC.swift */; };
		57299ACA24EC7BE300579783 /* IndicatorViewController.swift in Sources */ = {isa = PBXBuildFile; fileRef = 57299AC824EC7BE300579783 /* IndicatorViewController.swift */; };
		57299ACB24EC7BE300579783 /* IndicatorViewController.xib in Resources */ = {isa = PBXBuildFile; fileRef = 57299AC924EC7BE300579783 /* IndicatorViewController.xib */; };
		57299ACE24EC80BE00579783 /* Presenter.swift in Sources */ = {isa = PBXBuildFile; fileRef = 57299ACD24EC80BE00579783 /* Presenter.swift */; };
		57299AD024EC84CC00579783 /* CityCollectionViewCell.swift in Sources */ = {isa = PBXBuildFile; fileRef = 57299ACF24EC84CC00579783 /* CityCollectionViewCell.swift */; };
		57299AD224EC8A5000579783 /* protocols.swift in Sources */ = {isa = PBXBuildFile; fileRef = 57299AD124EC8A5000579783 /* protocols.swift */; };
		57299AD624EC8D6900579783 /* Comic Sans MS.ttf in Resources */ = {isa = PBXBuildFile; fileRef = 57299AD424EC8D6900579783 /* Comic Sans MS.ttf */; };
		57299AD724EC8D6900579783 /* Comic Sans MS Bold.ttf in Resources */ = {isa = PBXBuildFile; fileRef = 57299AD524EC8D6900579783 /* Comic Sans MS Bold.ttf */; };
		57A0683A24EDC7F0007CFC92 /* TempretureHandler.swift in Sources */ = {isa = PBXBuildFile; fileRef = 57A0683924EDC7F0007CFC92 /* TempretureHandler.swift */; };
		57A0683C24EEA22F007CFC92 /* Extension.swift in Sources */ = {isa = PBXBuildFile; fileRef = 57A0683B24EEA22F007CFC92 /* Extension.swift */; };
		6CE7FDFF4507C9FA2FEE3C5F /* Pods_NeatoTest.framework in Frameworks */ = {isa = PBXBuildFile; fileRef = A859B972118D868CC072271D /* Pods_NeatoTest.framework */; };
		94550D484DB885EE0B3440DA /* Pods_NeatoTest_NeatoTestUITests.framework in Frameworks */ = {isa = PBXBuildFile; fileRef = CD4018BF635C8B22D8F0B617 /* Pods_NeatoTest_NeatoTestUITests.framework */; };
/* End PBXBuildFile section */

/* Begin PBXContainerItemProxy section */
		57299A9224EBBC5500579783 /* PBXContainerItemProxy */ = {
			isa = PBXContainerItemProxy;
			containerPortal = 57299A7024EBBC5100579783 /* Project object */;
			proxyType = 1;
			remoteGlobalIDString = 57299A7724EBBC5100579783;
			remoteInfo = NeatoTest;
		};
		57299A9D24EBBC5600579783 /* PBXContainerItemProxy */ = {
			isa = PBXContainerItemProxy;
			containerPortal = 57299A7024EBBC5100579783 /* Project object */;
			proxyType = 1;
			remoteGlobalIDString = 57299A7724EBBC5100579783;
			remoteInfo = NeatoTest;
		};
/* End PBXContainerItemProxy section */

/* Begin PBXFileReference section */
		088423B908B340A63F2B981E /* Pods-NeatoTest.release.xcconfig */ = {isa = PBXFileReference; includeInIndex = 1; lastKnownFileType = text.xcconfig; name = "Pods-NeatoTest.release.xcconfig"; path = "Target Support Files/Pods-NeatoTest/Pods-NeatoTest.release.xcconfig"; sourceTree = "<group>"; };
		4A82CBD3C2DB4AC54D682313 /* Pods-NeatoTest-NeatoTestUITests.release.xcconfig */ = {isa = PBXFileReference; includeInIndex = 1; lastKnownFileType = text.xcconfig; name = "Pods-NeatoTest-NeatoTestUITests.release.xcconfig"; path = "Target Support Files/Pods-NeatoTest-NeatoTestUITests/Pods-NeatoTest-NeatoTestUITests.release.xcconfig"; sourceTree = "<group>"; };
		57299A7824EBBC5100579783 /* NeatoTest.app */ = {isa = PBXFileReference; explicitFileType = wrapper.application; includeInIndex = 0; path = NeatoTest.app; sourceTree = BUILT_PRODUCTS_DIR; };
		57299A7B24EBBC5100579783 /* AppDelegate.swift */ = {isa = PBXFileReference; lastKnownFileType = sourcecode.swift; path = AppDelegate.swift; sourceTree = "<group>"; };
		57299A7D24EBBC5100579783 /* SceneDelegate.swift */ = {isa = PBXFileReference; lastKnownFileType = sourcecode.swift; path = SceneDelegate.swift; sourceTree = "<group>"; };
		57299A7F24EBBC5100579783 /* ViewController.swift */ = {isa = PBXFileReference; lastKnownFileType = sourcecode.swift; path = ViewController.swift; sourceTree = "<group>"; };
		57299A8224EBBC5100579783 /* Base */ = {isa = PBXFileReference; lastKnownFileType = file.storyboard; name = Base; path = Base.lproj/Main.storyboard; sourceTree = "<group>"; };
		57299A8524EBBC5100579783 /* NeatoTest.xcdatamodel */ = {isa = PBXFileReference; lastKnownFileType = wrapper.xcdatamodel; path = NeatoTest.xcdatamodel; sourceTree = "<group>"; };
		57299A8724EBBC5500579783 /* Assets.xcassets */ = {isa = PBXFileReference; lastKnownFileType = folder.assetcatalog; path = Assets.xcassets; sourceTree = "<group>"; };
		57299A8A24EBBC5500579783 /* Base */ = {isa = PBXFileReference; lastKnownFileType = file.storyboard; name = Base; path = Base.lproj/LaunchScreen.storyboard; sourceTree = "<group>"; };
		57299A8C24EBBC5500579783 /* Info.plist */ = {isa = PBXFileReference; lastKnownFileType = text.plist.xml; path = Info.plist; sourceTree = "<group>"; };
		57299A9124EBBC5500579783 /* NeatoTestTests.xctest */ = {isa = PBXFileReference; explicitFileType = wrapper.cfbundle; includeInIndex = 0; path = NeatoTestTests.xctest; sourceTree = BUILT_PRODUCTS_DIR; };
		57299A9524EBBC5500579783 /* NeatoTestTests.swift */ = {isa = PBXFileReference; lastKnownFileType = sourcecode.swift; path = NeatoTestTests.swift; sourceTree = "<group>"; };
		57299A9724EBBC5500579783 /* Info.plist */ = {isa = PBXFileReference; lastKnownFileType = text.plist.xml; path = Info.plist; sourceTree = "<group>"; };
		57299A9C24EBBC5500579783 /* NeatoTestUITests.xctest */ = {isa = PBXFileReference; explicitFileType = wrapper.cfbundle; includeInIndex = 0; path = NeatoTestUITests.xctest; sourceTree = BUILT_PRODUCTS_DIR; };
		57299AA024EBBC5600579783 /* NeatoTestUITests.swift */ = {isa = PBXFileReference; lastKnownFileType = sourcecode.swift; path = NeatoTestUITests.swift; sourceTree = "<group>"; };
		57299AA224EBBC5600579783 /* Info.plist */ = {isa = PBXFileReference; lastKnownFileType = text.plist.xml; path = Info.plist; sourceTree = "<group>"; };
		57299AB224EBD5D000579783 /* Models.swift */ = {isa = PBXFileReference; lastKnownFileType = sourcecode.swift; path = Models.swift; sourceTree = "<group>"; };
		57299AB524EC33B700579783 /* Requests.swift */ = {isa = PBXFileReference; lastKnownFileType = sourcecode.swift; path = Requests.swift; sourceTree = "<group>"; };
		57299AB824EC3F8A00579783 /* Constants.swift */ = {isa = PBXFileReference; lastKnownFileType = sourcecode.swift; path = Constants.swift; sourceTree = "<group>"; };
		57299ABA24EC6C2000579783 /* CommonProtocols.swift */ = {isa = PBXFileReference; lastKnownFileType = sourcecode.swift; path = CommonProtocols.swift; sourceTree = "<group>"; };
		57299ABC24EC6D7B00579783 /* Results.swift */ = {isa = PBXFileReference; lastKnownFileType = sourcecode.swift; path = Results.swift; sourceTree = "<group>"; };
		57299AC024EC720500579783 /* Appearance.swift */ = {isa = PBXFileReference; lastKnownFileType = sourcecode.swift; path = Appearance.swift; sourceTree = "<group>"; };
		57299AC224EC797E00579783 /* BaseVC.swift */ = {isa = PBXFileReference; lastKnownFileType = sourcecode.swift; path = BaseVC.swift; sourceTree = "<group>"; };
		57299AC824EC7BE300579783 /* IndicatorViewController.swift */ = {isa = PBXFileReference; lastKnownFileType = sourcecode.swift; path = IndicatorViewController.swift; sourceTree = "<group>"; };
		57299AC924EC7BE300579783 /* IndicatorViewController.xib */ = {isa = PBXFileReference; lastKnownFileType = file.xib; path = IndicatorViewController.xib; sourceTree = "<group>"; };
		57299ACD24EC80BE00579783 /* Presenter.swift */ = {isa = PBXFileReference; lastKnownFileType = sourcecode.swift; path = Presenter.swift; sourceTree = "<group>"; };
		57299ACF24EC84CC00579783 /* CityCollectionViewCell.swift */ = {isa = PBXFileReference; lastKnownFileType = sourcecode.swift; path = CityCollectionViewCell.swift; sourceTree = "<group>"; };
		57299AD124EC8A5000579783 /* protocols.swift */ = {isa = PBXFileReference; lastKnownFileType = sourcecode.swift; path = protocols.swift; sourceTree = "<group>"; };
		57299AD424EC8D6900579783 /* Comic Sans MS.ttf */ = {isa = PBXFileReference; lastKnownFileType = file; path = "Comic Sans MS.ttf"; sourceTree = "<group>"; };
		57299AD524EC8D6900579783 /* Comic Sans MS Bold.ttf */ = {isa = PBXFileReference; lastKnownFileType = file; path = "Comic Sans MS Bold.ttf"; sourceTree = "<group>"; };
		57A0683924EDC7F0007CFC92 /* TempretureHandler.swift */ = {isa = PBXFileReference; lastKnownFileType = sourcecode.swift; path = TempretureHandler.swift; sourceTree = "<group>"; };
		57A0683B24EEA22F007CFC92 /* Extension.swift */ = {isa = PBXFileReference; lastKnownFileType = sourcecode.swift; path = Extension.swift; sourceTree = "<group>"; };
		5E6C42194D1E42BB12D0DD1A /* Pods_NeatoTestTests.framework */ = {isa = PBXFileReference; explicitFileType = wrapper.framework; includeInIndex = 0; path = Pods_NeatoTestTests.framework; sourceTree = BUILT_PRODUCTS_DIR; };
		A60A4205BA63D9D7D510130F /* Pods-NeatoTestTests.debug.xcconfig */ = {isa = PBXFileReference; includeInIndex = 1; lastKnownFileType = text.xcconfig; name = "Pods-NeatoTestTests.debug.xcconfig"; path = "Target Support Files/Pods-NeatoTestTests/Pods-NeatoTestTests.debug.xcconfig"; sourceTree = "<group>"; };
		A859B972118D868CC072271D /* Pods_NeatoTest.framework */ = {isa = PBXFileReference; explicitFileType = wrapper.framework; includeInIndex = 0; path = Pods_NeatoTest.framework; sourceTree = BUILT_PRODUCTS_DIR; };
		ACC3F8510DC68A5DB922977B /* Pods-NeatoTestTests.release.xcconfig */ = {isa = PBXFileReference; includeInIndex = 1; lastKnownFileType = text.xcconfig; name = "Pods-NeatoTestTests.release.xcconfig"; path = "Target Support Files/Pods-NeatoTestTests/Pods-NeatoTestTests.release.xcconfig"; sourceTree = "<group>"; };
		C80C5F60AA5A39595E3974B3 /* Pods-NeatoTest-NeatoTestUITests.debug.xcconfig */ = {isa = PBXFileReference; includeInIndex = 1; lastKnownFileType = text.xcconfig; name = "Pods-NeatoTest-NeatoTestUITests.debug.xcconfig"; path = "Target Support Files/Pods-NeatoTest-NeatoTestUITests/Pods-NeatoTest-NeatoTestUITests.debug.xcconfig"; sourceTree = "<group>"; };
		CD4018BF635C8B22D8F0B617 /* Pods_NeatoTest_NeatoTestUITests.framework */ = {isa = PBXFileReference; explicitFileType = wrapper.framework; includeInIndex = 0; path = Pods_NeatoTest_NeatoTestUITests.framework; sourceTree = BUILT_PRODUCTS_DIR; };
		E17C043F7662E2629633F45E /* Pods-NeatoTest.debug.xcconfig */ = {isa = PBXFileReference; includeInIndex = 1; lastKnownFileType = text.xcconfig; name = "Pods-NeatoTest.debug.xcconfig"; path = "Target Support Files/Pods-NeatoTest/Pods-NeatoTest.debug.xcconfig"; sourceTree = "<group>"; };
/* End PBXFileReference section */

/* Begin PBXFrameworksBuildPhase section */
		57299A7524EBBC5100579783 /* Frameworks */ = {
			isa = PBXFrameworksBuildPhase;
			buildActionMask = 2147483647;
			files = (
				6CE7FDFF4507C9FA2FEE3C5F /* Pods_NeatoTest.framework in Frameworks */,
			);
			runOnlyForDeploymentPostprocessing = 0;
		};
		57299A8E24EBBC5500579783 /* Frameworks */ = {
			isa = PBXFrameworksBuildPhase;
			buildActionMask = 2147483647;
			files = (
				3538AFE42D9AA469B2BC8E40 /* Pods_NeatoTestTests.framework in Frameworks */,
			);
			runOnlyForDeploymentPostprocessing = 0;
		};
		57299A9924EBBC5500579783 /* Frameworks */ = {
			isa = PBXFrameworksBuildPhase;
			buildActionMask = 2147483647;
			files = (
				94550D484DB885EE0B3440DA /* Pods_NeatoTest_NeatoTestUITests.framework in Frameworks */,
			);
			runOnlyForDeploymentPostprocessing = 0;
		};
/* End PBXFrameworksBuildPhase section */

/* Begin PBXGroup section */
		118FBCA17A7F0C0E06B88A96 /* Pods */ = {
			isa = PBXGroup;
			children = (
				E17C043F7662E2629633F45E /* Pods-NeatoTest.debug.xcconfig */,
				088423B908B340A63F2B981E /* Pods-NeatoTest.release.xcconfig */,
				C80C5F60AA5A39595E3974B3 /* Pods-NeatoTest-NeatoTestUITests.debug.xcconfig */,
				4A82CBD3C2DB4AC54D682313 /* Pods-NeatoTest-NeatoTestUITests.release.xcconfig */,
				A60A4205BA63D9D7D510130F /* Pods-NeatoTestTests.debug.xcconfig */,
				ACC3F8510DC68A5DB922977B /* Pods-NeatoTestTests.release.xcconfig */,
			);
			path = Pods;
			sourceTree = "<group>";
		};
		57299A6F24EBBC5100579783 = {
			isa = PBXGroup;
			children = (
				57299A7A24EBBC5100579783 /* NeatoTest */,
				57299A9424EBBC5500579783 /* NeatoTestTests */,
				57299A9F24EBBC5600579783 /* NeatoTestUITests */,
				57299A7924EBBC5100579783 /* Products */,
				118FBCA17A7F0C0E06B88A96 /* Pods */,
				C9038901A50131839A584090 /* Frameworks */,
			);
			sourceTree = "<group>";
		};
		57299A7924EBBC5100579783 /* Products */ = {
			isa = PBXGroup;
			children = (
				57299A7824EBBC5100579783 /* NeatoTest.app */,
				57299A9124EBBC5500579783 /* NeatoTestTests.xctest */,
				57299A9C24EBBC5500579783 /* NeatoTestUITests.xctest */,
			);
			name = Products;
			sourceTree = "<group>";
		};
		57299A7A24EBBC5100579783 /* NeatoTest */ = {
			isa = PBXGroup;
			children = (
				57299AD324EC8D2A00579783 /* Fonts */,
				57299AB724EC3F6300579783 /* Common */,
				57299AB424EC32E800579783 /* NetworkingLayer */,
				57299AAE24EBBC6100579783 /* Modules */,
				57299A7B24EBBC5100579783 /* AppDelegate.swift */,
				57299A7D24EBBC5100579783 /* SceneDelegate.swift */,
				57299A8124EBBC5100579783 /* Main.storyboard */,
				57299A8724EBBC5500579783 /* Assets.xcassets */,
				57299A8924EBBC5500579783 /* LaunchScreen.storyboard */,
				57299A8C24EBBC5500579783 /* Info.plist */,
				57299A8424EBBC5100579783 /* NeatoTest.xcdatamodeld */,
			);
			path = NeatoTest;
			sourceTree = "<group>";
		};
		57299A9424EBBC5500579783 /* NeatoTestTests */ = {
			isa = PBXGroup;
			children = (
				57299A9524EBBC5500579783 /* NeatoTestTests.swift */,
				57299A9724EBBC5500579783 /* Info.plist */,
			);
			path = NeatoTestTests;
			sourceTree = "<group>";
		};
		57299A9F24EBBC5600579783 /* NeatoTestUITests */ = {
			isa = PBXGroup;
			children = (
				57299AA024EBBC5600579783 /* NeatoTestUITests.swift */,
				57299AA224EBBC5600579783 /* Info.plist */,
			);
			path = NeatoTestUITests;
			sourceTree = "<group>";
		};
		57299AAE24EBBC6100579783 /* Modules */ = {
			isa = PBXGroup;
			children = (
				57A0683624ED4E3C007CFC92 /* View */,
				57299AD124EC8A5000579783 /* protocols.swift */,
				57299AB224EBD5D000579783 /* Models.swift */,
				57299ACD24EC80BE00579783 /* Presenter.swift */,
				57A0683924EDC7F0007CFC92 /* TempretureHandler.swift */,
			);
			path = Modules;
			sourceTree = "<group>";
		};
		57299AB424EC32E800579783 /* NetworkingLayer */ = {
			isa = PBXGroup;
			children = (
				57299ABC24EC6D7B00579783 /* Results.swift */,
				57299AB524EC33B700579783 /* Requests.swift */,
			);
			path = NetworkingLayer;
			sourceTree = "<group>";
		};
		57299AB724EC3F6300579783 /* Common */ = {
			isa = PBXGroup;
			children = (
				57299AB824EC3F8A00579783 /* Constants.swift */,
				57299ABA24EC6C2000579783 /* CommonProtocols.swift */,
				57299AC024EC720500579783 /* Appearance.swift */,
				57299AC224EC797E00579783 /* BaseVC.swift */,
				57A0683B24EEA22F007CFC92 /* Extension.swift */,
				57299ACC24EC7BF700579783 /* Indicator */,
			);
			path = Common;
			sourceTree = "<group>";
		};
		57299ACC24EC7BF700579783 /* Indicator */ = {
			isa = PBXGroup;
			children = (
				57299AC824EC7BE300579783 /* IndicatorViewController.swift */,
				57299AC924EC7BE300579783 /* IndicatorViewController.xib */,
			);
			path = Indicator;
			sourceTree = "<group>";
		};
		57299AD324EC8D2A00579783 /* Fonts */ = {
			isa = PBXGroup;
			children = (
				57299AD524EC8D6900579783 /* Comic Sans MS Bold.ttf */,
				57299AD424EC8D6900579783 /* Comic Sans MS.ttf */,
			);
			path = Fonts;
			sourceTree = "<group>";
		};
		57A0683624ED4E3C007CFC92 /* View */ = {
			isa = PBXGroup;
			children = (
				57299A7F24EBBC5100579783 /* ViewController.swift */,
				57299ACF24EC84CC00579783 /* CityCollectionViewCell.swift */,
			);
			path = View;
			sourceTree = "<group>";
		};
		C9038901A50131839A584090 /* Frameworks */ = {
			isa = PBXGroup;
			children = (
				A859B972118D868CC072271D /* Pods_NeatoTest.framework */,
				CD4018BF635C8B22D8F0B617 /* Pods_NeatoTest_NeatoTestUITests.framework */,
				5E6C42194D1E42BB12D0DD1A /* Pods_NeatoTestTests.framework */,
			);
			name = Frameworks;
			sourceTree = "<group>";
		};
/* End PBXGroup section */

/* Begin PBXNativeTarget section */
		57299A7724EBBC5100579783 /* NeatoTest */ = {
			isa = PBXNativeTarget;
			buildConfigurationList = 57299AA524EBBC5600579783 /* Build configuration list for PBXNativeTarget "NeatoTest" */;
			buildPhases = (
				F8C4ECEA10617DA06BDCC2BB /* [CP] Check Pods Manifest.lock */,
				57299A7424EBBC5100579783 /* Sources */,
				57299A7524EBBC5100579783 /* Frameworks */,
				57299A7624EBBC5100579783 /* Resources */,
				2A3063BEC5C88A5F3E31E843 /* [CP] Embed Pods Frameworks */,
			);
			buildRules = (
			);
			dependencies = (
			);
			name = NeatoTest;
			productName = NeatoTest;
			productReference = 57299A7824EBBC5100579783 /* NeatoTest.app */;
			productType = "com.apple.product-type.application";
		};
		57299A9024EBBC5500579783 /* NeatoTestTests */ = {
			isa = PBXNativeTarget;
			buildConfigurationList = 57299AA824EBBC5600579783 /* Build configuration list for PBXNativeTarget "NeatoTestTests" */;
			buildPhases = (
				53D8BAE192C5C13F67158FC5 /* [CP] Check Pods Manifest.lock */,
				57299A8D24EBBC5500579783 /* Sources */,
				57299A8E24EBBC5500579783 /* Frameworks */,
				57299A8F24EBBC5500579783 /* Resources */,
			);
			buildRules = (
			);
			dependencies = (
				57299A9324EBBC5500579783 /* PBXTargetDependency */,
			);
			name = NeatoTestTests;
			productName = NeatoTestTests;
			productReference = 57299A9124EBBC5500579783 /* NeatoTestTests.xctest */;
			productType = "com.apple.product-type.bundle.unit-test";
		};
		57299A9B24EBBC5500579783 /* NeatoTestUITests */ = {
			isa = PBXNativeTarget;
			buildConfigurationList = 57299AAB24EBBC5600579783 /* Build configuration list for PBXNativeTarget "NeatoTestUITests" */;
			buildPhases = (
				D05B036CFC78E9ABDADC0A96 /* [CP] Check Pods Manifest.lock */,
				57299A9824EBBC5500579783 /* Sources */,
				57299A9924EBBC5500579783 /* Frameworks */,
				57299A9A24EBBC5500579783 /* Resources */,
				9518EB9E8A862DF6CC485F44 /* [CP] Embed Pods Frameworks */,
			);
			buildRules = (
			);
			dependencies = (
				57299A9E24EBBC5600579783 /* PBXTargetDependency */,
			);
			name = NeatoTestUITests;
			productName = NeatoTestUITests;
			productReference = 57299A9C24EBBC5500579783 /* NeatoTestUITests.xctest */;
			productType = "com.apple.product-type.bundle.ui-testing";
		};
/* End PBXNativeTarget section */

/* Begin PBXProject section */
		57299A7024EBBC5100579783 /* Project object */ = {
			isa = PBXProject;
			attributes = {
				LastSwiftUpdateCheck = 1150;
				LastUpgradeCheck = 1150;
				ORGANIZATIONNAME = "Tara Tandel";
				TargetAttributes = {
					57299A7724EBBC5100579783 = {
						CreatedOnToolsVersion = 11.5;
					};
					57299A9024EBBC5500579783 = {
						CreatedOnToolsVersion = 11.5;
						TestTargetID = 57299A7724EBBC5100579783;
					};
					57299A9B24EBBC5500579783 = {
						CreatedOnToolsVersion = 11.5;
						TestTargetID = 57299A7724EBBC5100579783;
					};
				};
			};
			buildConfigurationList = 57299A7324EBBC5100579783 /* Build configuration list for PBXProject "NeatoTest" */;
			compatibilityVersion = "Xcode 9.3";
			developmentRegion = en;
			hasScannedForEncodings = 0;
			knownRegions = (
				en,
				Base,
			);
			mainGroup = 57299A6F24EBBC5100579783;
			productRefGroup = 57299A7924EBBC5100579783 /* Products */;
			projectDirPath = "";
			projectRoot = "";
			targets = (
				57299A7724EBBC5100579783 /* NeatoTest */,
				57299A9024EBBC5500579783 /* NeatoTestTests */,
				57299A9B24EBBC5500579783 /* NeatoTestUITests */,
			);
		};
/* End PBXProject section */

/* Begin PBXResourcesBuildPhase section */
		57299A7624EBBC5100579783 /* Resources */ = {
			isa = PBXResourcesBuildPhase;
			buildActionMask = 2147483647;
			files = (
				57299A8B24EBBC5500579783 /* LaunchScreen.storyboard in Resources */,
				57299AD624EC8D6900579783 /* Comic Sans MS.ttf in Resources */,
				57299A8824EBBC5500579783 /* Assets.xcassets in Resources */,
				57299AD724EC8D6900579783 /* Comic Sans MS Bold.ttf in Resources */,
				57299A8324EBBC5100579783 /* Main.storyboard in Resources */,
				57299ACB24EC7BE300579783 /* IndicatorViewController.xib in Resources */,
			);
			runOnlyForDeploymentPostprocessing = 0;
		};
		57299A8F24EBBC5500579783 /* Resources */ = {
			isa = PBXResourcesBuildPhase;
			buildActionMask = 2147483647;
			files = (
			);
			runOnlyForDeploymentPostprocessing = 0;
		};
		57299A9A24EBBC5500579783 /* Resources */ = {
			isa = PBXResourcesBuildPhase;
			buildActionMask = 2147483647;
			files = (
			);
			runOnlyForDeploymentPostprocessing = 0;
		};
/* End PBXResourcesBuildPhase section */

/* Begin PBXShellScriptBuildPhase section */
		2A3063BEC5C88A5F3E31E843 /* [CP] Embed Pods Frameworks */ = {
			isa = PBXShellScriptBuildPhase;
			buildActionMask = 2147483647;
			files = (
			);
			inputFileListPaths = (
				"${PODS_ROOT}/Target Support Files/Pods-NeatoTest/Pods-NeatoTest-frameworks-${CONFIGURATION}-input-files.xcfilelist",
			);
			name = "[CP] Embed Pods Frameworks";
			outputFileListPaths = (
				"${PODS_ROOT}/Target Support Files/Pods-NeatoTest/Pods-NeatoTest-frameworks-${CONFIGURATION}-output-files.xcfilelist",
			);
			runOnlyForDeploymentPostprocessing = 0;
			shellPath = /bin/sh;
			shellScript = "\"${PODS_ROOT}/Target Support Files/Pods-NeatoTest/Pods-NeatoTest-frameworks.sh\"\n";
			showEnvVarsInLog = 0;
		};
		53D8BAE192C5C13F67158FC5 /* [CP] Check Pods Manifest.lock */ = {
			isa = PBXShellScriptBuildPhase;
			buildActionMask = 2147483647;
			files = (
			);
			inputFileListPaths = (
			);
			inputPaths = (
				"${PODS_PODFILE_DIR_PATH}/Podfile.lock",
				"${PODS_ROOT}/Manifest.lock",
			);
			name = "[CP] Check Pods Manifest.lock";
			outputFileListPaths = (
			);
			outputPaths = (
				"$(DERIVED_FILE_DIR)/Pods-NeatoTestTests-checkManifestLockResult.txt",
			);
			runOnlyForDeploymentPostprocessing = 0;
			shellPath = /bin/sh;
			shellScript = "diff \"${PODS_PODFILE_DIR_PATH}/Podfile.lock\" \"${PODS_ROOT}/Manifest.lock\" > /dev/null\nif [ $? != 0 ] ; then\n    # print error to STDERR\n    echo \"error: The sandbox is not in sync with the Podfile.lock. Run 'pod install' or update your CocoaPods installation.\" >&2\n    exit 1\nfi\n# This output is used by Xcode 'outputs' to avoid re-running this script phase.\necho \"SUCCESS\" > \"${SCRIPT_OUTPUT_FILE_0}\"\n";
			showEnvVarsInLog = 0;
		};
		9518EB9E8A862DF6CC485F44 /* [CP] Embed Pods Frameworks */ = {
			isa = PBXShellScriptBuildPhase;
			buildActionMask = 2147483647;
			files = (
			);
			inputFileListPaths = (
				"${PODS_ROOT}/Target Support Files/Pods-NeatoTest-NeatoTestUITests/Pods-NeatoTest-NeatoTestUITests-frameworks-${CONFIGURATION}-input-files.xcfilelist",
			);
			name = "[CP] Embed Pods Frameworks";
			outputFileListPaths = (
				"${PODS_ROOT}/Target Support Files/Pods-NeatoTest-NeatoTestUITests/Pods-NeatoTest-NeatoTestUITests-frameworks-${CONFIGURATION}-output-files.xcfilelist",
			);
			runOnlyForDeploymentPostprocessing = 0;
			shellPath = /bin/sh;
			shellScript = "\"${PODS_ROOT}/Target Support Files/Pods-NeatoTest-NeatoTestUITests/Pods-NeatoTest-NeatoTestUITests-frameworks.sh\"\n";
			showEnvVarsInLog = 0;
		};
		D05B036CFC78E9ABDADC0A96 /* [CP] Check Pods Manifest.lock */ = {
			isa = PBXShellScriptBuildPhase;
			buildActionMask = 2147483647;
			files = (
			);
			inputFileListPaths = (
			);
			inputPaths = (
				"${PODS_PODFILE_DIR_PATH}/Podfile.lock",
				"${PODS_ROOT}/Manifest.lock",
			);
			name = "[CP] Check Pods Manifest.lock";
			outputFileListPaths = (
			);
			outputPaths = (
				"$(DERIVED_FILE_DIR)/Pods-NeatoTest-NeatoTestUITests-checkManifestLockResult.txt",
			);
			runOnlyForDeploymentPostprocessing = 0;
			shellPath = /bin/sh;
			shellScript = "diff \"${PODS_PODFILE_DIR_PATH}/Podfile.lock\" \"${PODS_ROOT}/Manifest.lock\" > /dev/null\nif [ $? != 0 ] ; then\n    # print error to STDERR\n    echo \"error: The sandbox is not in sync with the Podfile.lock. Run 'pod install' or update your CocoaPods installation.\" >&2\n    exit 1\nfi\n# This output is used by Xcode 'outputs' to avoid re-running this script phase.\necho \"SUCCESS\" > \"${SCRIPT_OUTPUT_FILE_0}\"\n";
			showEnvVarsInLog = 0;
		};
		F8C4ECEA10617DA06BDCC2BB /* [CP] Check Pods Manifest.lock */ = {
			isa = PBXShellScriptBuildPhase;
			buildActionMask = 2147483647;
			files = (
			);
			inputFileListPaths = (
			);
			inputPaths = (
				"${PODS_PODFILE_DIR_PATH}/Podfile.lock",
				"${PODS_ROOT}/Manifest.lock",
			);
			name = "[CP] Check Pods Manifest.lock";
			outputFileListPaths = (
			);
			outputPaths = (
				"$(DERIVED_FILE_DIR)/Pods-NeatoTest-checkManifestLockResult.txt",
			);
			runOnlyForDeploymentPostprocessing = 0;
			shellPath = /bin/sh;
			shellScript = "diff \"${PODS_PODFILE_DIR_PATH}/Podfile.lock\" \"${PODS_ROOT}/Manifest.lock\" > /dev/null\nif [ $? != 0 ] ; then\n    # print error to STDERR\n    echo \"error: The sandbox is not in sync with the Podfile.lock. Run 'pod install' or update your CocoaPods installation.\" >&2\n    exit 1\nfi\n# This output is used by Xcode 'outputs' to avoid re-running this script phase.\necho \"SUCCESS\" > \"${SCRIPT_OUTPUT_FILE_0}\"\n";
			showEnvVarsInLog = 0;
		};
/* End PBXShellScriptBuildPhase section */

/* Begin PBXSourcesBuildPhase section */
		57299A7424EBBC5100579783 /* Sources */ = {
			isa = PBXSourcesBuildPhase;
			buildActionMask = 2147483647;
			files = (
				57299A8024EBBC5100579783 /* ViewController.swift in Sources */,
				57299AC324EC797E00579783 /* BaseVC.swift in Sources */,
				57299A8624EBBC5100579783 /* NeatoTest.xcdatamodeld in Sources */,
				57299AD224EC8A5000579783 /* protocols.swift in Sources */,
				57299A7C24EBBC5100579783 /* AppDelegate.swift in Sources */,
				57299AB624EC33B700579783 /* Requests.swift in Sources */,
				57299AB924EC3F8B00579783 /* Constants.swift in Sources */,
				57299AC124EC720500579783 /* Appearance.swift in Sources */,
				57299AD024EC84CC00579783 /* CityCollectionViewCell.swift in Sources */,
				57299A7E24EBBC5100579783 /* SceneDelegate.swift in Sources */,
				57A0683C24EEA22F007CFC92 /* Extension.swift in Sources */,
				57299ACA24EC7BE300579783 /* IndicatorViewController.swift in Sources */,
				57299ABD24EC6D7B00579783 /* Results.swift in Sources */,
				57299ACE24EC80BE00579783 /* Presenter.swift in Sources */,
				57A0683A24EDC7F0007CFC92 /* TempretureHandler.swift in Sources */,
				57299ABB24EC6C2000579783 /* CommonProtocols.swift in Sources */,
				57299AB324EBD5D000579783 /* Models.swift in Sources */,
			);
			runOnlyForDeploymentPostprocessing = 0;
		};
		57299A8D24EBBC5500579783 /* Sources */ = {
			isa = PBXSourcesBuildPhase;
			buildActionMask = 2147483647;
			files = (
				57299A9624EBBC5500579783 /* NeatoTestTests.swift in Sources */,
			);
			runOnlyForDeploymentPostprocessing = 0;
		};
		57299A9824EBBC5500579783 /* Sources */ = {
			isa = PBXSourcesBuildPhase;
			buildActionMask = 2147483647;
			files = (
				57299AA124EBBC5600579783 /* NeatoTestUITests.swift in Sources */,
			);
			runOnlyForDeploymentPostprocessing = 0;
		};
/* End PBXSourcesBuildPhase section */

/* Begin PBXTargetDependency section */
		57299A9324EBBC5500579783 /* PBXTargetDependency */ = {
			isa = PBXTargetDependency;
			target = 57299A7724EBBC5100579783 /* NeatoTest */;
			targetProxy = 57299A9224EBBC5500579783 /* PBXContainerItemProxy */;
		};
		57299A9E24EBBC5600579783 /* PBXTargetDependency */ = {
			isa = PBXTargetDependency;
			target = 57299A7724EBBC5100579783 /* NeatoTest */;
			targetProxy = 57299A9D24EBBC5600579783 /* PBXContainerItemProxy */;
		};
/* End PBXTargetDependency section */

/* Begin PBXVariantGroup section */
		57299A8124EBBC5100579783 /* Main.storyboard */ = {
			isa = PBXVariantGroup;
			children = (
				57299A8224EBBC5100579783 /* Base */,
			);
			name = Main.storyboard;
			sourceTree = "<group>";
		};
		57299A8924EBBC5500579783 /* LaunchScreen.storyboard */ = {
			isa = PBXVariantGroup;
			children = (
				57299A8A24EBBC5500579783 /* Base */,
			);
			name = LaunchScreen.storyboard;
			sourceTree = "<group>";
		};
/* End PBXVariantGroup section */

/* Begin XCBuildConfiguration section */
		57299AA324EBBC5600579783 /* Debug */ = {
			isa = XCBuildConfiguration;
			buildSettings = {
				ALWAYS_SEARCH_USER_PATHS = NO;
				CLANG_ANALYZER_NONNULL = YES;
				CLANG_ANALYZER_NUMBER_OBJECT_CONVERSION = YES_AGGRESSIVE;
				CLANG_CXX_LANGUAGE_STANDARD = "gnu++14";
				CLANG_CXX_LIBRARY = "libc++";
				CLANG_ENABLE_MODULES = YES;
				CLANG_ENABLE_OBJC_ARC = YES;
				CLANG_ENABLE_OBJC_WEAK = YES;
				CLANG_WARN_BLOCK_CAPTURE_AUTORELEASING = YES;
				CLANG_WARN_BOOL_CONVERSION = YES;
				CLANG_WARN_COMMA = YES;
				CLANG_WARN_CONSTANT_CONVERSION = YES;
				CLANG_WARN_DEPRECATED_OBJC_IMPLEMENTATIONS = YES;
				CLANG_WARN_DIRECT_OBJC_ISA_USAGE = YES_ERROR;
				CLANG_WARN_DOCUMENTATION_COMMENTS = YES;
				CLANG_WARN_EMPTY_BODY = YES;
				CLANG_WARN_ENUM_CONVERSION = YES;
				CLANG_WARN_INFINITE_RECURSION = YES;
				CLANG_WARN_INT_CONVERSION = YES;
				CLANG_WARN_NON_LITERAL_NULL_CONVERSION = YES;
				CLANG_WARN_OBJC_IMPLICIT_RETAIN_SELF = YES;
				CLANG_WARN_OBJC_LITERAL_CONVERSION = YES;
				CLANG_WARN_OBJC_ROOT_CLASS = YES_ERROR;
				CLANG_WARN_RANGE_LOOP_ANALYSIS = YES;
				CLANG_WARN_STRICT_PROTOTYPES = YES;
				CLANG_WARN_SUSPICIOUS_MOVE = YES;
				CLANG_WARN_UNGUARDED_AVAILABILITY = YES_AGGRESSIVE;
				CLANG_WARN_UNREACHABLE_CODE = YES;
				CLANG_WARN__DUPLICATE_METHOD_MATCH = YES;
				COPY_PHASE_STRIP = NO;
				DEBUG_INFORMATION_FORMAT = dwarf;
				ENABLE_STRICT_OBJC_MSGSEND = YES;
				ENABLE_TESTABILITY = YES;
				GCC_C_LANGUAGE_STANDARD = gnu11;
				GCC_DYNAMIC_NO_PIC = NO;
				GCC_NO_COMMON_BLOCKS = YES;
				GCC_OPTIMIZATION_LEVEL = 0;
				GCC_PREPROCESSOR_DEFINITIONS = (
					"DEBUG=1",
					"$(inherited)",
				);
				GCC_WARN_64_TO_32_BIT_CONVERSION = YES;
				GCC_WARN_ABOUT_RETURN_TYPE = YES_ERROR;
				GCC_WARN_UNDECLARED_SELECTOR = YES;
				GCC_WARN_UNINITIALIZED_AUTOS = YES_AGGRESSIVE;
				GCC_WARN_UNUSED_FUNCTION = YES;
				GCC_WARN_UNUSED_VARIABLE = YES;
				IPHONEOS_DEPLOYMENT_TARGET = 13.5;
				MTL_ENABLE_DEBUG_INFO = INCLUDE_SOURCE;
				MTL_FAST_MATH = YES;
				ONLY_ACTIVE_ARCH = YES;
				SDKROOT = iphoneos;
				SWIFT_ACTIVE_COMPILATION_CONDITIONS = DEBUG;
				SWIFT_OPTIMIZATION_LEVEL = "-Onone";
			};
			name = Debug;
		};
		57299AA424EBBC5600579783 /* Release */ = {
			isa = XCBuildConfiguration;
			buildSettings = {
				ALWAYS_SEARCH_USER_PATHS = NO;
				CLANG_ANALYZER_NONNULL = YES;
				CLANG_ANALYZER_NUMBER_OBJECT_CONVERSION = YES_AGGRESSIVE;
				CLANG_CXX_LANGUAGE_STANDARD = "gnu++14";
				CLANG_CXX_LIBRARY = "libc++";
				CLANG_ENABLE_MODULES = YES;
				CLANG_ENABLE_OBJC_ARC = YES;
				CLANG_ENABLE_OBJC_WEAK = YES;
				CLANG_WARN_BLOCK_CAPTURE_AUTORELEASING = YES;
				CLANG_WARN_BOOL_CONVERSION = YES;
				CLANG_WARN_COMMA = YES;
				CLANG_WARN_CONSTANT_CONVERSION = YES;
				CLANG_WARN_DEPRECATED_OBJC_IMPLEMENTATIONS = YES;
				CLANG_WARN_DIRECT_OBJC_ISA_USAGE = YES_ERROR;
				CLANG_WARN_DOCUMENTATION_COMMENTS = YES;
				CLANG_WARN_EMPTY_BODY = YES;
				CLANG_WARN_ENUM_CONVERSION = YES;
				CLANG_WARN_INFINITE_RECURSION = YES;
				CLANG_WARN_INT_CONVERSION = YES;
				CLANG_WARN_NON_LITERAL_NULL_CONVERSION = YES;
				CLANG_WARN_OBJC_IMPLICIT_RETAIN_SELF = YES;
				CLANG_WARN_OBJC_LITERAL_CONVERSION = YES;
				CLANG_WARN_OBJC_ROOT_CLASS = YES_ERROR;
				CLANG_WARN_RANGE_LOOP_ANALYSIS = YES;
				CLANG_WARN_STRICT_PROTOTYPES = YES;
				CLANG_WARN_SUSPICIOUS_MOVE = YES;
				CLANG_WARN_UNGUARDED_AVAILABILITY = YES_AGGRESSIVE;
				CLANG_WARN_UNREACHABLE_CODE = YES;
				CLANG_WARN__DUPLICATE_METHOD_MATCH = YES;
				COPY_PHASE_STRIP = NO;
				DEBUG_INFORMATION_FORMAT = "dwarf-with-dsym";
				ENABLE_NS_ASSERTIONS = NO;
				ENABLE_STRICT_OBJC_MSGSEND = YES;
				GCC_C_LANGUAGE_STANDARD = gnu11;
				GCC_NO_COMMON_BLOCKS = YES;
				GCC_WARN_64_TO_32_BIT_CONVERSION = YES;
				GCC_WARN_ABOUT_RETURN_TYPE = YES_ERROR;
				GCC_WARN_UNDECLARED_SELECTOR = YES;
				GCC_WARN_UNINITIALIZED_AUTOS = YES_AGGRESSIVE;
				GCC_WARN_UNUSED_FUNCTION = YES;
				GCC_WARN_UNUSED_VARIABLE = YES;
				IPHONEOS_DEPLOYMENT_TARGET = 13.5;
				MTL_ENABLE_DEBUG_INFO = NO;
				MTL_FAST_MATH = YES;
				SDKROOT = iphoneos;
				SWIFT_COMPILATION_MODE = wholemodule;
				SWIFT_OPTIMIZATION_LEVEL = "-O";
				VALIDATE_PRODUCT = YES;
			};
			name = Release;
		};
		57299AA624EBBC5600579783 /* Debug */ = {
			isa = XCBuildConfiguration;
			baseConfigurationReference = E17C043F7662E2629633F45E /* Pods-NeatoTest.debug.xcconfig */;
			buildSettings = {
				ASSETCATALOG_COMPILER_APPICON_NAME = AppIcon;
				CODE_SIGN_STYLE = Automatic;
				DEVELOPMENT_TEAM = KCCZ4PVUZS;
				INFOPLIST_FILE = NeatoTest/Info.plist;
				LD_RUNPATH_SEARCH_PATHS = (
					"$(inherited)",
					"@executable_path/Frameworks",
				);
				PRODUCT_BUNDLE_IDENTIFIER = tara.NeatoTest;
				PRODUCT_NAME = "$(TARGET_NAME)";
				SWIFT_VERSION = 5.0;
				TARGETED_DEVICE_FAMILY = "1,2";
			};
			name = Debug;
		};
		57299AA724EBBC5600579783 /* Release */ = {
			isa = XCBuildConfiguration;
			baseConfigurationReference = 088423B908B340A63F2B981E /* Pods-NeatoTest.release.xcconfig */;
			buildSettings = {
				ASSETCATALOG_COMPILER_APPICON_NAME = AppIcon;
				CODE_SIGN_STYLE = Automatic;
				DEVELOPMENT_TEAM = KCCZ4PVUZS;
				INFOPLIST_FILE = NeatoTest/Info.plist;
				LD_RUNPATH_SEARCH_PATHS = (
					"$(inherited)",
					"@executable_path/Frameworks",
				);
				PRODUCT_BUNDLE_IDENTIFIER = tara.NeatoTest;
				PRODUCT_NAME = "$(TARGET_NAME)";
				SWIFT_VERSION = 5.0;
				TARGETED_DEVICE_FAMILY = "1,2";
			};
			name = Release;
		};
		57299AA924EBBC5600579783 /* Debug */ = {
			isa = XCBuildConfiguration;
			baseConfigurationReference = A60A4205BA63D9D7D510130F /* Pods-NeatoTestTests.debug.xcconfig */;
			buildSettings = {
				ALWAYS_EMBED_SWIFT_STANDARD_LIBRARIES = YES;
				BUNDLE_LOADER = "$(TEST_HOST)";
				CODE_SIGN_STYLE = Automatic;
				DEVELOPMENT_TEAM = KCCZ4PVUZS;
				INFOPLIST_FILE = NeatoTestTests/Info.plist;
				IPHONEOS_DEPLOYMENT_TARGET = 13.5;
				LD_RUNPATH_SEARCH_PATHS = (
					"$(inherited)",
					"@executable_path/Frameworks",
					"@loader_path/Frameworks",
				);
				PRODUCT_BUNDLE_IDENTIFIER = tara.NeatoTestTests;
				PRODUCT_NAME = "$(TARGET_NAME)";
				SWIFT_VERSION = 5.0;
				TARGETED_DEVICE_FAMILY = "1,2";
				TEST_HOST = "$(BUILT_PRODUCTS_DIR)/NeatoTest.app/NeatoTest";
			};
			name = Debug;
		};
		57299AAA24EBBC5600579783 /* Release */ = {
			isa = XCBuildConfiguration;
			baseConfigurationReference = ACC3F8510DC68A5DB922977B /* Pods-NeatoTestTests.release.xcconfig */;
			buildSettings = {
				ALWAYS_EMBED_SWIFT_STANDARD_LIBRARIES = YES;
				BUNDLE_LOADER = "$(TEST_HOST)";
				CODE_SIGN_STYLE = Automatic;
				DEVELOPMENT_TEAM = KCCZ4PVUZS;
				INFOPLIST_FILE = NeatoTestTests/Info.plist;
				IPHONEOS_DEPLOYMENT_TARGET = 13.5;
				LD_RUNPATH_SEARCH_PATHS = (
					"$(inherited)",
					"@executable_path/Frameworks",
					"@loader_path/Frameworks",
				);
				PRODUCT_BUNDLE_IDENTIFIER = tara.NeatoTestTests;
				PRODUCT_NAME = "$(TARGET_NAME)";
				SWIFT_VERSION = 5.0;
				TARGETED_DEVICE_FAMILY = "1,2";
				TEST_HOST = "$(BUILT_PRODUCTS_DIR)/NeatoTest.app/NeatoTest";
			};
			name = Release;
		};
		57299AAC24EBBC5600579783 /* Debug */ = {
			isa = XCBuildConfiguration;
			baseConfigurationReference = C80C5F60AA5A39595E3974B3 /* Pods-NeatoTest-NeatoTestUITests.debug.xcconfig */;
			buildSettings = {
				ALWAYS_EMBED_SWIFT_STANDARD_LIBRARIES = YES;
				CODE_SIGN_STYLE = Automatic;
				DEVELOPMENT_TEAM = KCCZ4PVUZS;
				INFOPLIST_FILE = NeatoTestUITests/Info.plist;
				LD_RUNPATH_SEARCH_PATHS = (
					"$(inherited)",
					"@executable_path/Frameworks",
					"@loader_path/Frameworks",
				);
				PRODUCT_BUNDLE_IDENTIFIER = tara.NeatoTestUITests;
				PRODUCT_NAME = "$(TARGET_NAME)";
				SWIFT_VERSION = 5.0;
				TARGETED_DEVICE_FAMILY = "1,2";
				TEST_TARGET_NAME = NeatoTest;
			};
			name = Debug;
		};
		57299AAD24EBBC5600579783 /* Release */ = {
			isa = XCBuildConfiguration;
			baseConfigurationReference = 4A82CBD3C2DB4AC54D682313 /* Pods-NeatoTest-NeatoTestUITests.release.xcconfig */;
			buildSettings = {
				ALWAYS_EMBED_SWIFT_STANDARD_LIBRARIES = YES;
				CODE_SIGN_STYLE = Automatic;
				DEVELOPMENT_TEAM = KCCZ4PVUZS;
				INFOPLIST_FILE = NeatoTestUITests/Info.plist;
				LD_RUNPATH_SEARCH_PATHS = (
					"$(inherited)",
					"@executable_path/Frameworks",
					"@loader_path/Frameworks",
				);
				PRODUCT_BUNDLE_IDENTIFIER = tara.NeatoTestUITests;
				PRODUCT_NAME = "$(TARGET_NAME)";
				SWIFT_VERSION = 5.0;
				TARGETED_DEVICE_FAMILY = "1,2";
				TEST_TARGET_NAME = NeatoTest;
			};
			name = Release;
		};
/* End XCBuildConfiguration section */

/* Begin XCConfigurationList section */
		57299A7324EBBC5100579783 /* Build configuration list for PBXProject "NeatoTest" */ = {
			isa = XCConfigurationList;
			buildConfigurations = (
				57299AA324EBBC5600579783 /* Debug */,
				57299AA424EBBC5600579783 /* Release */,
			);
			defaultConfigurationIsVisible = 0;
			defaultConfigurationName = Release;
		};
		57299AA524EBBC5600579783 /* Build configuration list for PBXNativeTarget "NeatoTest" */ = {
			isa = XCConfigurationList;
			buildConfigurations = (
				57299AA624EBBC5600579783 /* Debug */,
				57299AA724EBBC5600579783 /* Release */,
			);
			defaultConfigurationIsVisible = 0;
			defaultConfigurationName = Release;
		};
		57299AA824EBBC5600579783 /* Build configuration list for PBXNativeTarget "NeatoTestTests" */ = {
			isa = XCConfigurationList;
			buildConfigurations = (
				57299AA924EBBC5600579783 /* Debug */,
				57299AAA24EBBC5600579783 /* Release */,
			);
			defaultConfigurationIsVisible = 0;
			defaultConfigurationName = Release;
		};
		57299AAB24EBBC5600579783 /* Build configuration list for PBXNativeTarget "NeatoTestUITests" */ = {
			isa = XCConfigurationList;
			buildConfigurations = (
				57299AAC24EBBC5600579783 /* Debug */,
				57299AAD24EBBC5600579783 /* Release */,
			);
			defaultConfigurationIsVisible = 0;
			defaultConfigurationName = Release;
		};
/* End XCConfigurationList section */

/* Begin XCVersionGroup section */
		57299A8424EBBC5100579783 /* NeatoTest.xcdatamodeld */ = {
			isa = XCVersionGroup;
			children = (
				57299A8524EBBC5100579783 /* NeatoTest.xcdatamodel */,
			);
			currentVersion = 57299A8524EBBC5100579783 /* NeatoTest.xcdatamodel */;
			path = NeatoTest.xcdatamodeld;
			sourceTree = "<group>";
			versionGroupType = wrapper.xcdatamodel;
		};
/* End XCVersionGroup section */
	};
	rootObject = 57299A7024EBBC5100579783 /* Project object */;
}
